
Microsoft Visual Studio Solution File, Format Version 12.00
# Visual Studio Version 16
VisualStudioVersion = 16.0.28531.58
MinimumVisualStudioVersion = 10.0.40219.1
Project("{FAE04EC0-301F-11D3-BF4B-00C04F79EFBC}") = "Windows10.HotCorners", "Windows10.HotCorners\Windows10.HotCorners.csproj", "{1BDC2ECF-5C84-4A4D-808D-3B42DC4492A4}"
EndProject
Project("{2150E333-8FDC-42A3-9474-1A3956D46DE8}") = "Solution Files", "Solution Files", "{15D79DA6-E53F-4F93-98E5-92D95776A188}"
	ProjectSection(SolutionItems) = preProject
		LICENSE.md = LICENSE.md
		README.md = README.md
	EndProjectSection
EndProject
Global
	GlobalSection(SolutionConfigurationPlatforms) = preSolution
		Debug|Any CPU = Debug|Any CPU
		Release|Any CPU = Release|Any CPU
	EndGlobalSection
	GlobalSection(ProjectConfigurationPlatforms) = postSolution
		{1BDC2ECF-5C84-4A4D-808D-3B42DC4492A4}.Debug|Any CPU.ActiveCfg = Debug|Any CPU
		{1BDC2ECF-5C84-4A4D-808D-3B42DC4492A4}.Debug|Any CPU.Build.0 = Debug|Any CPU
		{1BDC2ECF-5C84-4A4D-808D-3B42DC4492A4}.Release|Any CPU.ActiveCfg = Release|Any CPU
		{1BDC2ECF-5C84-4A4D-808D-3B42DC4492A4}.Release|Any CPU.Build.0 = Release|Any CPU
	EndGlobalSection
	GlobalSection(SolutionProperties) = preSolution
		HideSolutionNode = FALSE
	EndGlobalSection
	GlobalSection(ExtensibilityGlobals) = postSolution
		SolutionGuid = {92F54CB3-31D4-4B3A-ADB2-63411CB84130}
	EndGlobalSection
EndGlobal
